
Microsoft Visual Studio Solution File, Format Version 12.00
# Visual Studio Version 17
VisualStudioVersion = 17.11.35222.181
MinimumVisualStudioVersion = 10.0.40219.1
Project("{2150E333-8FDC-42A3-9474-1A3956D46DE8}") = "Services", "Services", "{28770A0A-CAFC-48CB-9376-6C274F50F1F6}"
EndProject
Project("{2150E333-8FDC-42A3-9474-1A3956D46DE8}") = "Catalog", "Catalog", "{18655650-7A2D-4CB6-8D73-642158D30F6F}"
EndProject
Project("{9A19103F-16F7-4668-BE54-9A1E7A4F7556}") = "Catalog.API", "Services\Catalog\Catalog.API\Catalog.API.csproj", "{DBC935E3-082F-4349-A02F-F5C7137D3008}"
EndProject
Project("{2150E333-8FDC-42A3-9474-1A3956D46DE8}") = "BuildingBlocks", "BuildingBlocks", "{7D21593F-A048-4E1D-8907-E22C4320497A}"
EndProject
Project("{9A19103F-16F7-4668-BE54-9A1E7A4F7556}") = "BuildingBlocks", "BuildingBlocks\BuildingBlocks\BuildingBlocks.csproj", "{42119FDE-51E1-4D10-99DF-54101E63FB08}"
EndProject
Project("{E53339B2-1760-4266-BCC7-CA923CBCF16C}") = "docker-compose", "docker-compose.dcproj", "{7A2C4FDE-066F-4423-A8E3-160220DF0D4F}"
EndProject
Project("{2150E333-8FDC-42A3-9474-1A3956D46DE8}") = "Basket", "Basket", "{A467464E-9013-402A-BB6B-F14BF5CFDC48}"
EndProject
Project("{9A19103F-16F7-4668-BE54-9A1E7A4F7556}") = "Basket.API", "Services\Basket\Basket.API\Basket.API.csproj", "{DF8DDA0B-27D2-4F7D-A721-86D22EE82544}"
EndProject
Project("{2150E333-8FDC-42A3-9474-1A3956D46DE8}") = "Discount", "Discount", "{0F48484E-1A5A-4406-87A2-2C536CECDAD9}"
EndProject
Project("{9A19103F-16F7-4668-BE54-9A1E7A4F7556}") = "Discount.API", "Services\Discount\Discount.API\Discount.API.csproj", "{88C383D3-4384-40EB-ABBD-9A959B6C5557}"
EndProject
Project("{9A19103F-16F7-4668-BE54-9A1E7A4F7556}") = "BasketDiscount", "Common\BasketDiscount\BasketDiscount.csproj", "{5534886F-C3EE-4C84-9267-A96976519BF2}"
EndProject
Project("{2150E333-8FDC-42A3-9474-1A3956D46DE8}") = "Common", "Common", "{0FBB079B-3CAD-413C-915A-5088A7EB2680}"
EndProject
Project("{2150E333-8FDC-42A3-9474-1A3956D46DE8}") = "Ordering", "Ordering", "{C24562C5-BC52-4B96-A52E-26F9309E6510}"
EndProject
Project("{9A19103F-16F7-4668-BE54-9A1E7A4F7556}") = "Ordering.API", "Services\Ordering\Ordering.API\Ordering.API.csproj", "{0ABA9E53-B4DB-4A1C-9B00-DFF703F30444}"
EndProject
Project("{FAE04EC0-301F-11D3-BF4B-00C04F79EFBC}") = "Ordering.Domain", "Services\Ordering\Ordering.Domain\Ordering.Domain.csproj", "{30C2558B-C8BC-4D84-9CB8-601CC36712B0}"
EndProject
Project("{FAE04EC0-301F-11D3-BF4B-00C04F79EFBC}") = "Ordering.Application", "Services\Ordering\Ordering.Application\Ordering.Application.csproj", "{8A5FFDE4-6557-4C02-B368-EA92EEE0EF0E}"
EndProject
Project("{FAE04EC0-301F-11D3-BF4B-00C04F79EFBC}") = "Ordering.Infrastructure", "Services\Ordering\Ordering.Infrastructure\Ordering.Infrastructure.csproj", "{8BA0601C-6DD3-44BE-8373-E2029BA52C3E}"
EndProject
Global
	GlobalSection(SolutionConfigurationPlatforms) = preSolution
		Debug|Any CPU = Debug|Any CPU
		Release|Any CPU = Release|Any CPU
	EndGlobalSection
	GlobalSection(ProjectConfigurationPlatforms) = postSolution
		{DBC935E3-082F-4349-A02F-F5C7137D3008}.Debug|Any CPU.ActiveCfg = Debug|Any CPU
		{DBC935E3-082F-4349-A02F-F5C7137D3008}.Debug|Any CPU.Build.0 = Debug|Any CPU
		{DBC935E3-082F-4349-A02F-F5C7137D3008}.Release|Any CPU.ActiveCfg = Release|Any CPU
		{DBC935E3-082F-4349-A02F-F5C7137D3008}.Release|Any CPU.Build.0 = Release|Any CPU
		{42119FDE-51E1-4D10-99DF-54101E63FB08}.Debug|Any CPU.ActiveCfg = Debug|Any CPU
		{42119FDE-51E1-4D10-99DF-54101E63FB08}.Debug|Any CPU.Build.0 = Debug|Any CPU
		{42119FDE-51E1-4D10-99DF-54101E63FB08}.Release|Any CPU.ActiveCfg = Release|Any CPU
		{42119FDE-51E1-4D10-99DF-54101E63FB08}.Release|Any CPU.Build.0 = Release|Any CPU
		{7A2C4FDE-066F-4423-A8E3-160220DF0D4F}.Debug|Any CPU.ActiveCfg = Debug|Any CPU
		{7A2C4FDE-066F-4423-A8E3-160220DF0D4F}.Debug|Any CPU.Build.0 = Debug|Any CPU
		{7A2C4FDE-066F-4423-A8E3-160220DF0D4F}.Release|Any CPU.ActiveCfg = Release|Any CPU
		{7A2C4FDE-066F-4423-A8E3-160220DF0D4F}.Release|Any CPU.Build.0 = Release|Any CPU
		{DF8DDA0B-27D2-4F7D-A721-86D22EE82544}.Debug|Any CPU.ActiveCfg = Debug|Any CPU
		{DF8DDA0B-27D2-4F7D-A721-86D22EE82544}.Debug|Any CPU.Build.0 = Debug|Any CPU
		{DF8DDA0B-27D2-4F7D-A721-86D22EE82544}.Release|Any CPU.ActiveCfg = Release|Any CPU
		{DF8DDA0B-27D2-4F7D-A721-86D22EE82544}.Release|Any CPU.Build.0 = Release|Any CPU
		{88C383D3-4384-40EB-ABBD-9A959B6C5557}.Debug|Any CPU.ActiveCfg = Debug|Any CPU
		{88C383D3-4384-40EB-ABBD-9A959B6C5557}.Debug|Any CPU.Build.0 = Debug|Any CPU
		{88C383D3-4384-40EB-ABBD-9A959B6C5557}.Release|Any CPU.ActiveCfg = Release|Any CPU
		{88C383D3-4384-40EB-ABBD-9A959B6C5557}.Release|Any CPU.Build.0 = Release|Any CPU
		{5534886F-C3EE-4C84-9267-A96976519BF2}.Debug|Any CPU.ActiveCfg = Debug|Any CPU
		{5534886F-C3EE-4C84-9267-A96976519BF2}.Debug|Any CPU.Build.0 = Debug|Any CPU
		{5534886F-C3EE-4C84-9267-A96976519BF2}.Release|Any CPU.ActiveCfg = Release|Any CPU
		{5534886F-C3EE-4C84-9267-A96976519BF2}.Release|Any CPU.Build.0 = Release|Any CPU
		{0ABA9E53-B4DB-4A1C-9B00-DFF703F30444}.Debug|Any CPU.ActiveCfg = Debug|Any CPU
		{0ABA9E53-B4DB-4A1C-9B00-DFF703F30444}.Debug|Any CPU.Build.0 = Debug|Any CPU
		{0ABA9E53-B4DB-4A1C-9B00-DFF703F30444}.Release|Any CPU.ActiveCfg = Release|Any CPU
		{0ABA9E53-B4DB-4A1C-9B00-DFF703F30444}.Release|Any CPU.Build.0 = Release|Any CPU
		{30C2558B-C8BC-4D84-9CB8-601CC36712B0}.Debug|Any CPU.ActiveCfg = Debug|Any CPU
		{30C2558B-C8BC-4D84-9CB8-601CC36712B0}.Debug|Any CPU.Build.0 = Debug|Any CPU
		{30C2558B-C8BC-4D84-9CB8-601CC36712B0}.Release|Any CPU.ActiveCfg = Release|Any CPU
		{30C2558B-C8BC-4D84-9CB8-601CC36712B0}.Release|Any CPU.Build.0 = Release|Any CPU
		{8A5FFDE4-6557-4C02-B368-EA92EEE0EF0E}.Debug|Any CPU.ActiveCfg = Debug|Any CPU
		{8A5FFDE4-6557-4C02-B368-EA92EEE0EF0E}.Debug|Any CPU.Build.0 = Debug|Any CPU
		{8A5FFDE4-6557-4C02-B368-EA92EEE0EF0E}.Release|Any CPU.ActiveCfg = Release|Any CPU
		{8A5FFDE4-6557-4C02-B368-EA92EEE0EF0E}.Release|Any CPU.Build.0 = Release|Any CPU
		{8BA0601C-6DD3-44BE-8373-E2029BA52C3E}.Debug|Any CPU.ActiveCfg = Debug|Any CPU
		{8BA0601C-6DD3-44BE-8373-E2029BA52C3E}.Debug|Any CPU.Build.0 = Debug|Any CPU
		{8BA0601C-6DD3-44BE-8373-E2029BA52C3E}.Release|Any CPU.ActiveCfg = Release|Any CPU
		{8BA0601C-6DD3-44BE-8373-E2029BA52C3E}.Release|Any CPU.Build.0 = Release|Any CPU
	EndGlobalSection
	GlobalSection(SolutionProperties) = preSolution
		HideSolutionNode = FALSE
	EndGlobalSection
	GlobalSection(NestedProjects) = preSolution
		{18655650-7A2D-4CB6-8D73-642158D30F6F} = {28770A0A-CAFC-48CB-9376-6C274F50F1F6}
		{DBC935E3-082F-4349-A02F-F5C7137D3008} = {18655650-7A2D-4CB6-8D73-642158D30F6F}
		{42119FDE-51E1-4D10-99DF-54101E63FB08} = {7D21593F-A048-4E1D-8907-E22C4320497A}
		{A467464E-9013-402A-BB6B-F14BF5CFDC48} = {28770A0A-CAFC-48CB-9376-6C274F50F1F6}
		{DF8DDA0B-27D2-4F7D-A721-86D22EE82544} = {A467464E-9013-402A-BB6B-F14BF5CFDC48}
		{0F48484E-1A5A-4406-87A2-2C536CECDAD9} = {28770A0A-CAFC-48CB-9376-6C274F50F1F6}
		{88C383D3-4384-40EB-ABBD-9A959B6C5557} = {0F48484E-1A5A-4406-87A2-2C536CECDAD9}
		{5534886F-C3EE-4C84-9267-A96976519BF2} = {0FBB079B-3CAD-413C-915A-5088A7EB2680}
		{C24562C5-BC52-4B96-A52E-26F9309E6510} = {28770A0A-CAFC-48CB-9376-6C274F50F1F6}
		{0ABA9E53-B4DB-4A1C-9B00-DFF703F30444} = {C24562C5-BC52-4B96-A52E-26F9309E6510}
		{30C2558B-C8BC-4D84-9CB8-601CC36712B0} = {C24562C5-BC52-4B96-A52E-26F9309E6510}
		{8A5FFDE4-6557-4C02-B368-EA92EEE0EF0E} = {C24562C5-BC52-4B96-A52E-26F9309E6510}
		{8BA0601C-6DD3-44BE-8373-E2029BA52C3E} = {C24562C5-BC52-4B96-A52E-26F9309E6510}
	EndGlobalSection
	GlobalSection(ExtensibilityGlobals) = postSolution
		SolutionGuid = {62AECA0C-1BC8-46ED-9C5E-47160D17E3CB}
	EndGlobalSection
EndGlobal
